<?xml version="1.0" encoding="utf-8"?>
<Project ToolsVersion="4.0" xmlns="http://schemas.microsoft.com/developer/msbuild/2003">
  <ItemGroup>
    <Filter Include="Math">
      <UniqueIdentifier>{4FC737F1-C7A5-4376-A066-2A32D752A2FF}</UniqueIdentifier>
      <Extensions>cpp;c;cc;cxx;def;odl;idl;hpj;bat;asm;asmx</Extensions>
    </Filter>
    <Filter Include="Renderer">
      <UniqueIdentifier>{ddb17eba-e15e-4597-8bf6-064b16b159d3}</UniqueIdentifier>
    </Filter>
    <Filter Include="Helpers">
      <UniqueIdentifier>{72056cb6-72a2-42b7-b05e-376f1ddd957e}</UniqueIdentifier>
    </Filter>
    <Filter Include="Renderer\Tracing classes">
      <UniqueIdentifier>{21bfb76b-38c5-4489-ae44-8dd3213b6dbe}</UniqueIdentifier>
    </Filter>
    <Filter Include="Camera">
      <UniqueIdentifier>{ff87da9f-7ada-413b-87ba-96c5daf5433a}</UniqueIdentifier>
    </Filter>
    <Filter Include="Lights">
      <UniqueIdentifier>{0df14829-9d04-4184-82fb-c860841b7ebd}</UniqueIdentifier>
    </Filter>
    <Filter Include="Shape classes">
      <UniqueIdentifier>{8ffda342-ed99-4244-ac6e-b60d35084a78}</UniqueIdentifier>
    </Filter>
    <Filter Include="Material">
      <UniqueIdentifier>{db2c4027-630f-4bf6-bf21-2aae568a7f04}</UniqueIdentifier>
    </Filter>
    <Filter Include="Scenes">
      <UniqueIdentifier>{ab2b2161-74c4-4114-a6ed-9c978be22fbe}</UniqueIdentifier>
    </Filter>
  </ItemGroup>
  <ItemGroup>
    <None Include="RayTracer.props" />
  </ItemGroup>
  <ItemGroup>
    <ClInclude Include="EMath.h">
      <Filter>Math</Filter>
    </ClInclude>
    <ClInclude Include="EMathUtilities.h">
      <Filter>Math</Filter>
    </ClInclude>
    <ClInclude Include="EMatrix.h">
      <Filter>Math</Filter>
    </ClInclude>
    <ClInclude Include="EMatrix2.h">
      <Filter>Math</Filter>
    </ClInclude>
    <ClInclude Include="EMatrix3.h">
      <Filter>Math</Filter>
    </ClInclude>
    <ClInclude Include="EMatrix4.h">
      <Filter>Math</Filter>
    </ClInclude>
    <ClInclude Include="EPoint.h">
      <Filter>Math</Filter>
    </ClInclude>
    <ClInclude Include="EPoint2.h">
      <Filter>Math</Filter>
    </ClInclude>
    <ClInclude Include="EPoint3.h">
      <Filter>Math</Filter>
    </ClInclude>
    <ClInclude Include="EPoint4.h">
      <Filter>Math</Filter>
    </ClInclude>
    <ClInclude Include="EVector.h">
      <Filter>Math</Filter>
    </ClInclude>
    <ClInclude Include="EVector2.h">
      <Filter>Math</Filter>
    </ClInclude>
    <ClInclude Include="EVector3.h">
      <Filter>Math</Filter>
    </ClInclude>
    <ClInclude Include="ERenderer.h">
      <Filter>Renderer</Filter>
    </ClInclude>
    <ClInclude Include="ERGBColor.h">
      <Filter>Helpers</Filter>
    </ClInclude>
    <ClInclude Include="ETimer.h">
      <Filter>Helpers</Filter>
    </ClInclude>
    <ClInclude Include="BaseShape.h">
      <Filter>Shape classes</Filter>
    </ClInclude>
    <ClInclude Include="Plane.h">
      <Filter>Shape classes</Filter>
    </ClInclude>
    <ClInclude Include="Ray.h">
      <Filter>Renderer\Tracing classes</Filter>
    </ClInclude>
    <ClInclude Include="HitInfo.h">
      <Filter>Renderer\Tracing classes</Filter>
    </ClInclude>
    <ClInclude Include="EVector4.h">
      <Filter>Math</Filter>
    </ClInclude>
    <ClInclude Include="PerspectiveCamera.h">
      <Filter>Camera</Filter>
    </ClInclude>
    <ClInclude Include="Sphere.h">
      <Filter>Shape classes</Filter>
    </ClInclude>
    <ClInclude Include="LightManager.h">
      <Filter>Lights</Filter>
    </ClInclude>
    <ClInclude Include="Lights.h">
      <Filter>Lights</Filter>
    </ClInclude>
    <ClInclude Include="Material.h">
      <Filter>Material</Filter>
    </ClInclude>
    <ClInclude Include="BRDF.h">
      <Filter>Material</Filter>
    </ClInclude>
    <ClInclude Include="Triangle.h">
      <Filter>Shape classes</Filter>
    </ClInclude>
    <ClInclude Include="TriangleMesh.h">
      <Filter>Shape classes</Filter>
    </ClInclude>
    <ClInclude Include="Scenegraph.h">
      <Filter>Scenes</Filter>
    </ClInclude>
    <ClInclude Include="OBJ_Parser.h">
      <Filter>Helpers</Filter>
    </ClInclude>
  </ItemGroup>
  <ItemGroup>
    <ClCompile Include="ERenderer.cpp">
      <Filter>Renderer</Filter>
    </ClCompile>
    <ClCompile Include="main.cpp" />
    <ClCompile Include="ETimer.cpp">
      <Filter>Helpers</Filter>
    </ClCompile>
    <ClCompile Include="BaseShape.cpp">
      <Filter>Shape classes</Filter>
    </ClCompile>
    <ClCompile Include="Plane.cpp">
      <Filter>Shape classes</Filter>
    </ClCompile>
    <ClCompile Include="Ray.cpp">
      <Filter>Renderer\Tracing classes</Filter>
    </ClCompile>
    <ClCompile Include="HitInfo.cpp">
      <Filter>Renderer\Tracing classes</Filter>
    </ClCompile>
    <ClCompile Include="PerspectiveCamera.cpp">
      <Filter>Camera</Filter>
    </ClCompile>
    <ClCompile Include="Sphere.cpp">
      <Filter>Shape classes</Filter>
    </ClCompile>
    <ClCompile Include="LightManager.cpp">
      <Filter>Lights</Filter>
    </ClCompile>
    <ClCompile Include="Lights.cpp">
      <Filter>Lights</Filter>
    </ClCompile>
    <ClCompile Include="Material.cpp">
      <Filter>Material</Filter>
    </ClCompile>
    <ClCompile Include="BRDF.cpp">
      <Filter>Material</Filter>
    </ClCompile>
    <ClCompile Include="Triangle.cpp">
      <Filter>Shape classes</Filter>
    </ClCompile>
    <ClCompile Include="TriangleMesh.cpp">
      <Filter>Shape classes</Filter>
    </ClCompile>
    <ClCompile Include="Scenegraph.cpp">
      <Filter>Scenes</Filter>
    </ClCompile>
    <ClCompile Include="OBJ_Parser.cpp">
      <Filter>Helpers</Filter>
    </ClCompile>
  </ItemGroup>
</Project>